
Microsoft Visual Studio Solution File, Format Version 12.00
# Visual Studio Version 16
VisualStudioVersion = 16.0.29102.190
MinimumVisualStudioVersion = 10.0.40219.1
Project("{FAE04EC0-301F-11D3-BF4B-00C04F79EFBC}") = "WebServer", "WebServer\WebServer.csproj", "{F00B2EEE-F2A4-4957-91E2-8E11D2307583}"
EndProject
Global
	GlobalSection(SolutionConfigurationPlatforms) = preSolution
		Debug|Any CPU = Debug|Any CPU
		Release|Any CPU = Release|Any CPU
	EndGlobalSection
	GlobalSection(ProjectConfigurationPlatforms) = postSolution
		{F00B2EEE-F2A4-4957-91E2-8E11D2307583}.Debug|Any CPU.ActiveCfg = Debug|Any CPU
		{F00B2EEE-F2A4-4957-91E2-8E11D2307583}.Debug|Any CPU.Build.0 = Debug|Any CPU
		{F00B2EEE-F2A4-4957-91E2-8E11D2307583}.Release|Any CPU.ActiveCfg = Release|Any CPU
		{F00B2EEE-F2A4-4957-91E2-8E11D2307583}.Release|Any CPU.Build.0 = Release|Any CPU
	EndGlobalSection
	GlobalSection(SolutionProperties) = preSolution
		HideSolutionNode = FALSE
	EndGlobalSection
	GlobalSection(ExtensibilityGlobals) = postSolution
		SolutionGuid = {F6DB2B01-776E-4802-A6E1-4F2B7CB7D1F9}
	EndGlobalSection
EndGlobal
